
Microsoft Visual Studio Solution File, Format Version 12.00
Project("{FAE04EC0-301F-11D3-BF4B-00C04F79EFBC}") = "Xamarin.iOS.iCarousel.Binding", "Xamarin.iOS.iCarousel.Binding\Xamarin.iOS.iCarousel.Binding.csproj", "{3EF36BEB-2E85-4C34-BCA3-25EE01C13D32}"
EndProject
Global
	GlobalSection(SolutionConfigurationPlatforms) = preSolution
		Debug|Any CPU = Debug|Any CPU
		Release|Any CPU = Release|Any CPU
	EndGlobalSection
	GlobalSection(ProjectConfigurationPlatforms) = postSolution
		{3EF36BEB-2E85-4C34-BCA3-25EE01C13D32}.Debug|Any CPU.ActiveCfg = Debug|Any CPU
		{3EF36BEB-2E85-4C34-BCA3-25EE01C13D32}.Debug|Any CPU.Build.0 = Debug|Any CPU
		{3EF36BEB-2E85-4C34-BCA3-25EE01C13D32}.Release|Any CPU.ActiveCfg = Release|Any CPU
		{3EF36BEB-2E85-4C34-BCA3-25EE01C13D32}.Release|Any CPU.Build.0 = Release|Any CPU
	EndGlobalSection
EndGlobal
